
Microsoft Visual Studio Solution File, Format Version 12.00
# Visual Studio Version 17
VisualStudioVersion = 17.3.32825.248
MinimumVisualStudioVersion = 10.0.40219.1
Project("{FAE04EC0-301F-11D3-BF4B-00C04F79EFBC}") = "DemoSQLServer", "DemoSQLServer\DemoSQLServer.csproj", "{33176BCC-5770-4AB7-9E08-7516B695E2DE}"
EndProject
Project("{F14B399A-7131-4C87-9E4B-1186C45EF12D}") = "ExampleSSRS", "ExampleSSRS\ExampleSSRS.rptproj", "{10FD2D8A-D0D4-4B69-B5BE-83B2F7E65FFE}"
EndProject
Global
	GlobalSection(SolutionConfigurationPlatforms) = preSolution
		Debug|Any CPU = Debug|Any CPU
		DebugLocal|Any CPU = DebugLocal|Any CPU
		Release|Any CPU = Release|Any CPU
	EndGlobalSection
	GlobalSection(ProjectConfigurationPlatforms) = postSolution
		{33176BCC-5770-4AB7-9E08-7516B695E2DE}.Debug|Any CPU.ActiveCfg = Debug|Any CPU
		{33176BCC-5770-4AB7-9E08-7516B695E2DE}.Debug|Any CPU.Build.0 = Debug|Any CPU
		{33176BCC-5770-4AB7-9E08-7516B695E2DE}.DebugLocal|Any CPU.ActiveCfg = Debug|Any CPU
		{33176BCC-5770-4AB7-9E08-7516B695E2DE}.DebugLocal|Any CPU.Build.0 = Debug|Any CPU
		{33176BCC-5770-4AB7-9E08-7516B695E2DE}.Release|Any CPU.ActiveCfg = Release|Any CPU
		{33176BCC-5770-4AB7-9E08-7516B695E2DE}.Release|Any CPU.Build.0 = Release|Any CPU
		{10FD2D8A-D0D4-4B69-B5BE-83B2F7E65FFE}.Debug|Any CPU.ActiveCfg = Debug
		{10FD2D8A-D0D4-4B69-B5BE-83B2F7E65FFE}.Debug|Any CPU.Build.0 = Debug
		{10FD2D8A-D0D4-4B69-B5BE-83B2F7E65FFE}.Debug|Any CPU.Deploy.0 = Debug
		{10FD2D8A-D0D4-4B69-B5BE-83B2F7E65FFE}.DebugLocal|Any CPU.ActiveCfg = DebugLocal
		{10FD2D8A-D0D4-4B69-B5BE-83B2F7E65FFE}.DebugLocal|Any CPU.Build.0 = DebugLocal
		{10FD2D8A-D0D4-4B69-B5BE-83B2F7E65FFE}.Release|Any CPU.ActiveCfg = Release
		{10FD2D8A-D0D4-4B69-B5BE-83B2F7E65FFE}.Release|Any CPU.Build.0 = Release
		{10FD2D8A-D0D4-4B69-B5BE-83B2F7E65FFE}.Release|Any CPU.Deploy.0 = Release
	EndGlobalSection
	GlobalSection(SolutionProperties) = preSolution
		HideSolutionNode = FALSE
	EndGlobalSection
	GlobalSection(ExtensibilityGlobals) = postSolution
		SolutionGuid = {C58A952C-BE9C-4D74-A90C-82957C41E6AC}
	EndGlobalSection
EndGlobal
